
Microsoft Visual Studio Solution File, Format Version 12.00
# Visual Studio Version 17
VisualStudioVersion = 17.2.32505.173
MinimumVisualStudioVersion = 10.0.40219.1
Project("{FAE04EC0-301F-11D3-BF4B-00C04F79EFBC}") = "MahikapeWeb", "MahikapeWeb\MahikapeWeb.csproj", "{C518907A-8B3F-41EA-A9D0-70B7316CC043}"
EndProject
Global
	GlobalSection(SolutionConfigurationPlatforms) = preSolution
		Debug|Any CPU = Debug|Any CPU
		Release|Any CPU = Release|Any CPU
	EndGlobalSection
	GlobalSection(ProjectConfigurationPlatforms) = postSolution
		{C518907A-8B3F-41EA-A9D0-70B7316CC043}.Debug|Any CPU.ActiveCfg = Debug|Any CPU
		{C518907A-8B3F-41EA-A9D0-70B7316CC043}.Debug|Any CPU.Build.0 = Debug|Any CPU
		{C518907A-8B3F-41EA-A9D0-70B7316CC043}.Release|Any CPU.ActiveCfg = Release|Any CPU
		{C518907A-8B3F-41EA-A9D0-70B7316CC043}.Release|Any CPU.Build.0 = Release|Any CPU
	EndGlobalSection
	GlobalSection(SolutionProperties) = preSolution
		HideSolutionNode = FALSE
	EndGlobalSection
	GlobalSection(ExtensibilityGlobals) = postSolution
		SolutionGuid = {A392E019-F873-4985-8A44-FB7578087F01}
	EndGlobalSection
EndGlobal
